
Microsoft Visual Studio Solution File, Format Version 12.00
# Visual Studio Version 16
VisualStudioVersion = 16.0.30711.63
MinimumVisualStudioVersion = 10.0.40219.1
Project("{9A19103F-16F7-4668-BE54-9A1E7A4F7556}") = "KombniyAppAccount", "KombniyAppAccount\KombniyAppAccount.csproj", "{C169465E-7FDD-43B2-92BC-EE753AA0A5B3}"
	ProjectSection(ProjectDependencies) = postProject
		{2F9C5DF4-41B3-4738-AAB6-AD4E2FE9DF88} = {2F9C5DF4-41B3-4738-AAB6-AD4E2FE9DF88}
	EndProjectSection
EndProject
Project("{9A19103F-16F7-4668-BE54-9A1E7A4F7556}") = "KombiyApp.Data", "KombiyApp.Data\KombiyApp.Data.csproj", "{C31E6819-2D25-49DD-A8E2-15BCB7D35EB3}"
EndProject
Project("{9A19103F-16F7-4668-BE54-9A1E7A4F7556}") = "KombniyApp.Core", "KombniyApp.Core\KombniyApp.Core.csproj", "{2F9C5DF4-41B3-4738-AAB6-AD4E2FE9DF88}"
EndProject
Project("{FAE04EC0-301F-11D3-BF4B-00C04F79EFBC}") = "KombniyApp.Services", "KombniyApp.Services\KombniyApp.Services.csproj", "{3E4CD469-34E8-4026-9470-2F9FD8331988}"
EndProject
Global
	GlobalSection(SolutionConfigurationPlatforms) = preSolution
		Debug|Any CPU = Debug|Any CPU
		Release|Any CPU = Release|Any CPU
	EndGlobalSection
	GlobalSection(ProjectConfigurationPlatforms) = postSolution
		{C169465E-7FDD-43B2-92BC-EE753AA0A5B3}.Debug|Any CPU.ActiveCfg = Debug|Any CPU
		{C169465E-7FDD-43B2-92BC-EE753AA0A5B3}.Debug|Any CPU.Build.0 = Debug|Any CPU
		{C169465E-7FDD-43B2-92BC-EE753AA0A5B3}.Release|Any CPU.ActiveCfg = Release|Any CPU
		{C169465E-7FDD-43B2-92BC-EE753AA0A5B3}.Release|Any CPU.Build.0 = Release|Any CPU
		{C31E6819-2D25-49DD-A8E2-15BCB7D35EB3}.Debug|Any CPU.ActiveCfg = Debug|Any CPU
		{C31E6819-2D25-49DD-A8E2-15BCB7D35EB3}.Debug|Any CPU.Build.0 = Debug|Any CPU
		{C31E6819-2D25-49DD-A8E2-15BCB7D35EB3}.Release|Any CPU.ActiveCfg = Release|Any CPU
		{C31E6819-2D25-49DD-A8E2-15BCB7D35EB3}.Release|Any CPU.Build.0 = Release|Any CPU
		{2F9C5DF4-41B3-4738-AAB6-AD4E2FE9DF88}.Debug|Any CPU.ActiveCfg = Debug|Any CPU
		{2F9C5DF4-41B3-4738-AAB6-AD4E2FE9DF88}.Debug|Any CPU.Build.0 = Debug|Any CPU
		{2F9C5DF4-41B3-4738-AAB6-AD4E2FE9DF88}.Release|Any CPU.ActiveCfg = Release|Any CPU
		{2F9C5DF4-41B3-4738-AAB6-AD4E2FE9DF88}.Release|Any CPU.Build.0 = Release|Any CPU
		{3E4CD469-34E8-4026-9470-2F9FD8331988}.Debug|Any CPU.ActiveCfg = Debug|Any CPU
		{3E4CD469-34E8-4026-9470-2F9FD8331988}.Debug|Any CPU.Build.0 = Debug|Any CPU
		{3E4CD469-34E8-4026-9470-2F9FD8331988}.Release|Any CPU.ActiveCfg = Release|Any CPU
		{3E4CD469-34E8-4026-9470-2F9FD8331988}.Release|Any CPU.Build.0 = Release|Any CPU
	EndGlobalSection
	GlobalSection(SolutionProperties) = preSolution
		HideSolutionNode = FALSE
	EndGlobalSection
	GlobalSection(ExtensibilityGlobals) = postSolution
		SolutionGuid = {55E2B05B-E88C-4E1B-AB3C-174D5B259A81}
	EndGlobalSection
EndGlobal
